# This file is automatically @generated by Cargo.
# It is not intended for manual editing.
version = 4

[[package]]
name = "oneshot"
version = "0.1.11"
source = "registry+https://github.com/rust-lang/crates.io-index"
checksum = "b4ce411919553d3f9fa53a0880544cda985a112117a0444d5ff1e870a893d6ea"

[[package]]
name = "promisery"
version = "2.0.0"
source = "registry+https://github.com/rust-lang/crates.io-index"
checksum = "de031ec80b48f8123b95aa2dc90d177b7242882e8a9f4167bd3f56ff6ef13043"
dependencies = [
 "oneshot",
]

[[package]]
name = "ring_promise"
version = "0.1.0"
dependencies = [
 "oneshot",
 "promisery",
]
